
Microsoft Visual Studio Solution File, Format Version 12.00
# Visual Studio Version 17
VisualStudioVersion = 17.13.35931.197
MinimumVisualStudioVersion = 10.0.40219.1
Project("{FAE04EC0-301F-11D3-BF4B-00C04F79EFBC}") = "ASM", "ASM\ASM\ASM.csproj", "{75F5F1DC-713C-4193-B8F8-F909C8C44574}"
EndProject
Project("{FAE04EC0-301F-11D3-BF4B-00C04F79EFBC}") = "ASM.Shared", "ASM\ASM.Shared\ASM.Shared.csproj", "{FDBF2CC4-7BAF-4107-BA73-72FE5BD67C74}"
EndProject
Project("{FAE04EC0-301F-11D3-BF4B-00C04F79EFBC}") = "ASM.Web", "ASM\ASM.Web\ASM.Web.csproj", "{A7BEC485-D876-4BD8-B479-7572E08DDB82}"
EndProject
Global
	GlobalSection(SolutionConfigurationPlatforms) = preSolution
		Debug|Any CPU = Debug|Any CPU
		Release|Any CPU = Release|Any CPU
	EndGlobalSection
	GlobalSection(ProjectConfigurationPlatforms) = postSolution
		{75F5F1DC-713C-4193-B8F8-F909C8C44574}.Debug|Any CPU.ActiveCfg = Debug|Any CPU
		{75F5F1DC-713C-4193-B8F8-F909C8C44574}.Debug|Any CPU.Build.0 = Debug|Any CPU
		{75F5F1DC-713C-4193-B8F8-F909C8C44574}.Release|Any CPU.ActiveCfg = Release|Any CPU
		{75F5F1DC-713C-4193-B8F8-F909C8C44574}.Release|Any CPU.Build.0 = Release|Any CPU
		{FDBF2CC4-7BAF-4107-BA73-72FE5BD67C74}.Debug|Any CPU.ActiveCfg = Debug|Any CPU
		{FDBF2CC4-7BAF-4107-BA73-72FE5BD67C74}.Debug|Any CPU.Build.0 = Debug|Any CPU
		{FDBF2CC4-7BAF-4107-BA73-72FE5BD67C74}.Release|Any CPU.ActiveCfg = Release|Any CPU
		{FDBF2CC4-7BAF-4107-BA73-72FE5BD67C74}.Release|Any CPU.Build.0 = Release|Any CPU
		{A7BEC485-D876-4BD8-B479-7572E08DDB82}.Debug|Any CPU.ActiveCfg = Debug|Any CPU
		{A7BEC485-D876-4BD8-B479-7572E08DDB82}.Debug|Any CPU.Build.0 = Debug|Any CPU
		{A7BEC485-D876-4BD8-B479-7572E08DDB82}.Release|Any CPU.ActiveCfg = Release|Any CPU
		{A7BEC485-D876-4BD8-B479-7572E08DDB82}.Release|Any CPU.Build.0 = Release|Any CPU
	EndGlobalSection
	GlobalSection(SolutionProperties) = preSolution
		HideSolutionNode = FALSE
	EndGlobalSection
	GlobalSection(ExtensibilityGlobals) = postSolution
		SolutionGuid = {17F69B3E-ED4F-4DE7-B05D-6E5A72B9F80A}
	EndGlobalSection
EndGlobal
